// !$*UTF8*$!
{
	archiveVersion = 1;
	classes = {
	};
	objectVersion = 50;
	objects = {

/* Begin PBXBuildFile section */
		56C80A44E82D794589D92476 /* libPods-timer_D.a in Frameworks */ = {isa = PBXBuildFile; fileRef = 5F6F979A65DAC4CC392764D9 /* libPods-timer_D.a */; };
		781F88E320DA2EE500E978EE /* AppDelegate.m in Sources */ = {isa = PBXBuildFile; fileRef = 781F88E220DA2EE500E978EE /* AppDelegate.m */; };
		781F88E620DA2EE500E978EE /* ViewController.m in Sources */ = {isa = PBXBuildFile; fileRef = 781F88E520DA2EE500E978EE /* ViewController.m */; };
		781F88E920DA2EE500E978EE /* Main.storyboard in Resources */ = {isa = PBXBuildFile; fileRef = 781F88E720DA2EE500E978EE /* Main.storyboard */; };
		781F88EB20DA2EE600E978EE /* Assets.xcassets in Resources */ = {isa = PBXBuildFile; fileRef = 781F88EA20DA2EE600E978EE /* Assets.xcassets */; };
		781F88EE20DA2EE600E978EE /* LaunchScreen.storyboard in Resources */ = {isa = PBXBuildFile; fileRef = 781F88EC20DA2EE600E978EE /* LaunchScreen.storyboard */; };
		781F88F120DA2EE600E978EE /* main.m in Sources */ = {isa = PBXBuildFile; fileRef = 781F88F020DA2EE600E978EE /* main.m */; };
/* End PBXBuildFile section */

/* Begin PBXFileReference section */
		5F6F979A65DAC4CC392764D9 /* libPods-timer_D.a */ = {isa = PBXFileReference; explicitFileType = archive.ar; includeInIndex = 0; path = "libPods-timer_D.a"; sourceTree = BUILT_PRODUCTS_DIR; };
		692F40F527024E231895EE87 /* Pods-timer_D.debug.xcconfig */ = {isa = PBXFileReference; includeInIndex = 1; lastKnownFileType = text.xcconfig; name = "Pods-timer_D.debug.xcconfig"; path = "Pods/Target Support Files/Pods-timer_D/Pods-timer_D.debug.xcconfig"; sourceTree = "<group>"; };
		781F88DE20DA2EE500E978EE /* timer_D.app */ = {isa = PBXFileReference; explicitFileType = wrapper.application; includeInIndex = 0; path = timer_D.app; sourceTree = BUILT_PRODUCTS_DIR; };
		781F88E120DA2EE500E978EE /* AppDelegate.h */ = {isa = PBXFileReference; lastKnownFileType = sourcecode.c.h; path = AppDelegate.h; sourceTree = "<group>"; };
		781F88E220DA2EE500E978EE /* AppDelegate.m */ = {isa = PBXFileReference; lastKnownFileType = sourcecode.c.objc; path = AppDelegate.m; sourceTree = "<group>"; };
		781F88E420DA2EE500E978EE /* ViewController.h */ = {isa = PBXFileReference; lastKnownFileType = sourcecode.c.h; path = ViewController.h; sourceTree = "<group>"; };
		781F88E520DA2EE500E978EE /* ViewController.m */ = {isa = PBXFileReference; lastKnownFileType = sourcecode.c.objc; path = ViewController.m; sourceTree = "<group>"; };
		781F88E820DA2EE500E978EE /* Base */ = {isa = PBXFileReference; lastKnownFileType = file.storyboard; name = Base; path = Base.lproj/Main.storyboard; sourceTree = "<group>"; };
		781F88EA20DA2EE600E978EE /* Assets.xcassets */ = {isa = PBXFileReference; lastKnownFileType = folder.assetcatalog; path = Assets.xcassets; sourceTree = "<group>"; };
		781F88ED20DA2EE600E978EE /* Base */ = {isa = PBXFileReference; lastKnownFileType = file.storyboard; name = Base; path = Base.lproj/LaunchScreen.storyboard; sourceTree = "<group>"; };
		781F88EF20DA2EE600E978EE /* Info.plist */ = {isa = PBXFileReference; lastKnownFileType = text.plist.xml; path = Info.plist; sourceTree = "<group>"; };
		781F88F020DA2EE600E978EE /* main.m */ = {isa = PBXFileReference; lastKnownFileType = sourcecode.c.objc; path = main.m; sourceTree = "<group>"; };
		D5B846C2551AFFCE78250D6C /* Pods-timer_D.release.xcconfig */ = {isa = PBXFileReference; includeInIndex = 1; lastKnownFileType = text.xcconfig; name = "Pods-timer_D.release.xcconfig"; path = "Pods/Target Support Files/Pods-timer_D/Pods-timer_D.release.xcconfig"; sourceTree = "<group>"; };
/* End PBXFileReference section */

/* Begin PBXFrameworksBuildPhase section */
		781F88DB20DA2EE500E978EE /* Frameworks */ = {
			isa = PBXFrameworksBuildPhase;
			buildActionMask = 2147483647;
			files = (
				56C80A44E82D794589D92476 /* libPods-timer_D.a in Frameworks */,
			);
			runOnlyForDeploymentPostprocessing = 0;
		};
/* End PBXFrameworksBuildPhase section */

/* Begin PBXGroup section */
		59651DF5CB03B8BCF4CF6B57 /* Pods */ = {
			isa = PBXGroup;
			children = (
				692F40F527024E231895EE87 /* Pods-timer_D.debug.xcconfig */,
				D5B846C2551AFFCE78250D6C /* Pods-timer_D.release.xcconfig */,
			);
			name = Pods;
			sourceTree = "<group>";
		};
		781F88D520DA2EE500E978EE = {
			isa = PBXGroup;
			children = (
				781F88E020DA2EE500E978EE /* timer_D */,
				781F88DF20DA2EE500E978EE /* Products */,
				59651DF5CB03B8BCF4CF6B57 /* Pods */,
				AA7B58C2EE5E0F63EA6D8ECC /* Frameworks */,
			);
			sourceTree = "<group>";
		};
		781F88DF20DA2EE500E978EE /* Products */ = {
			isa = PBXGroup;
			children = (
				781F88DE20DA2EE500E978EE /* timer_D.app */,
			);
			name = Products;
			sourceTree = "<group>";
		};
		781F88E020DA2EE500E978EE /* timer_D */ = {
			isa = PBXGroup;
			children = (
				781F88E120DA2EE500E978EE /* AppDelegate.h */,
				781F88E220DA2EE500E978EE /* AppDelegate.m */,
				781F88E420DA2EE500E978EE /* ViewController.h */,
				781F88E520DA2EE500E978EE /* ViewController.m */,
				781F88E720DA2EE500E978EE /* Main.storyboard */,
				781F88EA20DA2EE600E978EE /* Assets.xcassets */,
				781F88EC20DA2EE600E978EE /* LaunchScreen.storyboard */,
				781F88EF20DA2EE600E978EE /* Info.plist */,
				781F88F020DA2EE600E978EE /* main.m */,
			);
			path = timer_D;
			sourceTree = "<group>";
		};
		AA7B58C2EE5E0F63EA6D8ECC /* Frameworks */ = {
			isa = PBXGroup;
			children = (
				5F6F979A65DAC4CC392764D9 /* libPods-timer_D.a */,
			);
			name = Frameworks;
			sourceTree = "<group>";
		};
/* End PBXGroup section */

/* Begin PBXNativeTarget section */
		781F88DD20DA2EE500E978EE /* timer_D */ = {
			isa = PBXNativeTarget;
			buildConfigurationList = 781F88F420DA2EE600E978EE /* Build configuration list for PBXNativeTarget "timer_D" */;
			buildPhases = (
				320F656AC15AF18BC6402D7C /* [CP] Check Pods Manifest.lock */,
				781F88DA20DA2EE500E978EE /* Sources */,
				781F88DB20DA2EE500E978EE /* Frameworks */,
				781F88DC20DA2EE500E978EE /* Resources */,
				E595271EDC5E2B11741FB1FA /* [CP] Copy Pods Resources */,
			);
			buildRules = (
			);
			dependencies = (
			);
			name = timer_D;
			productName = timer_D;
			productReference = 781F88DE20DA2EE500E978EE /* timer_D.app */;
			productType = "com.apple.product-type.application";
		};
/* End PBXNativeTarget section */

/* Begin PBXProject section */
		781F88D620DA2EE500E978EE /* Project object */ = {
			isa = PBXProject;
			attributes = {
				LastUpgradeCheck = 0930;
				ORGANIZATIONNAME = idea;
				TargetAttributes = {
					781F88DD20DA2EE500E978EE = {
						CreatedOnToolsVersion = 9.3;
					};
				};
			};
			buildConfigurationList = 781F88D920DA2EE500E978EE /* Build configuration list for PBXProject "timer_D" */;
			compatibilityVersion = "Xcode 9.3";
			developmentRegion = en;
			hasScannedForEncodings = 0;
			knownRegions = (
				en,
				Base,
			);
			mainGroup = 781F88D520DA2EE500E978EE;
			productRefGroup = 781F88DF20DA2EE500E978EE /* Products */;
			projectDirPath = "";
			projectRoot = "";
			targets = (
				781F88DD20DA2EE500E978EE /* timer_D */,
			);
		};
/* End PBXProject section */

/* Begin PBXResourcesBuildPhase section */
		781F88DC20DA2EE500E978EE /* Resources */ = {
			isa = PBXResourcesBuildPhase;
			buildActionMask = 2147483647;
			files = (
				781F88EE20DA2EE600E978EE /* LaunchScreen.storyboard in Resources */,
				781F88EB20DA2EE600E978EE /* Assets.xcassets in Resources */,
				781F88E920DA2EE500E978EE /* Main.storyboard in Resources */,
			);
			runOnlyForDeploymentPostprocessing = 0;
		};
/* End PBXResourcesBuildPhase section */

/* Begin PBXShellScriptBuildPhase section */
		320F656AC15AF18BC6402D7C /* [CP] Check Pods Manifest.lock */ = {
			isa = PBXShellScriptBuildPhase;
			buildActionMask = 2147483647;
			files = (
			);
			inputPaths = (
				"${PODS_PODFILE_DIR_PATH}/Podfile.lock",
				"${PODS_ROOT}/Manifest.lock",
			);
			name = "[CP] Check Pods Manifest.lock";
			outputPaths = (
				"$(DERIVED_FILE_DIR)/Pods-timer_D-checkManifestLockResult.txt",
			);
			runOnlyForDeploymentPostprocessing = 0;
			shellPath = /bin/sh;
			shellScript = "diff \"${PODS_PODFILE_DIR_PATH}/Podfile.lock\" \"${PODS_ROOT}/Manifest.lock\" > /dev/null\nif [ $? != 0 ] ; then\n    # print error to STDERR\n    echo \"error: The sandbox is not in sync with the Podfile.lock. Run 'pod install' or update your CocoaPods installation.\" >&2\n    exit 1\nfi\n# This output is used by Xcode 'outputs' to avoid re-running this script phase.\necho \"SUCCESS\" > \"${SCRIPT_OUTPUT_FILE_0}\"\n";
			showEnvVarsInLog = 0;
		};
		E595271EDC5E2B11741FB1FA /* [CP] Copy Pods Resources */ = {
			isa = PBXShellScriptBuildPhase;
			buildActionMask = 2147483647;
			files = (
			);
			inputPaths = (
				"${SRCROOT}/Pods/Target Support Files/Pods-timer_D/Pods-timer_D-resources.sh",
				"${PODS_ROOT}/MJRefresh/MJRefresh/MJRefresh.bundle",
			);
			name = "[CP] Copy Pods Resources";
			outputPaths = (
				"${TARGET_BUILD_DIR}/${UNLOCALIZED_RESOURCES_FOLDER_PATH}/MJRefresh.bundle",
			);
			runOnlyForDeploymentPostprocessing = 0;
			shellPath = /bin/sh;
			shellScript = "\"${SRCROOT}/Pods/Target Support Files/Pods-timer_D/Pods-timer_D-resources.sh\"\n";
			showEnvVarsInLog = 0;
		};
/* End PBXShellScriptBuildPhase section */

/* Begin PBXSourcesBuildPhase section */
		781F88DA20DA2EE500E978EE /* Sources */ = {
			isa = PBXSourcesBuildPhase;
			buildActionMask = 2147483647;
			files = (
				781F88E620DA2EE500E978EE /* ViewController.m in Sources */,
				781F88F120DA2EE600E978EE /* main.m in Sources */,
				781F88E320DA2EE500E978EE /* AppDelegate.m in Sources */,
			);
			runOnlyForDeploymentPostprocessing = 0;
		};
/* End PBXSourcesBuildPhase section */

/* Begin PBXVariantGroup section */
		781F88E720DA2EE500E978EE /* Main.storyboard */ = {
			isa = PBXVariantGroup;
			children = (
				781F88E820DA2EE500E978EE /* Base */,
			);
			name = Main.storyboard;
			sourceTree = "<group>";
		};
		781F88EC20DA2EE600E978EE /* LaunchScreen.storyboard */ = {
			isa = PBXVariantGroup;
			children = (
				781F88ED20DA2EE600E978EE /* Base */,
			);
			name = LaunchScreen.storyboard;
			sourceTree = "<group>";
		};
/* End PBXVariantGroup section */

/* Begin XCBuildConfiguration section */
		781F88F220DA2EE600E978EE /* Debug */ = {
			isa = XCBuildConfiguration;
			buildSettings = {
				ALWAYS_SEARCH_USER_PATHS = NO;
				CLANG_ANALYZER_NONNULL = YES;
				CLANG_ANALYZER_NUMBER_OBJECT_CONVERSION = YES_AGGRESSIVE;
				CLANG_CXX_LANGUAGE_STANDARD = "gnu++14";
				CLANG_CXX_LIBRARY = "libc++";
				CLANG_ENABLE_MODULES = YES;
				CLANG_ENABLE_OBJC_ARC = YES;
				CLANG_ENABLE_OBJC_WEAK = YES;
				CLANG_WARN_BLOCK_CAPTURE_AUTORELEASING = YES;
				CLANG_WARN_BOOL_CONVERSION = YES;
				CLANG_WARN_COMMA = YES;
				CLANG_WARN_CONSTANT_CONVERSION = YES;
				CLANG_WARN_DEPRECATED_OBJC_IMPLEMENTATIONS = YES;
				CLANG_WARN_DIRECT_OBJC_ISA_USAGE = YES_ERROR;
				CLANG_WARN_DOCUMENTATION_COMMENTS = YES;
				CLANG_WARN_EMPTY_BODY = YES;
				CLANG_WARN_ENUM_CONVERSION = YES;
				CLANG_WARN_INFINITE_RECURSION = YES;
				CLANG_WARN_INT_CONVERSION = YES;
				CLANG_WARN_NON_LITERAL_NULL_CONVERSION = YES;
				CLANG_WARN_OBJC_IMPLICIT_RETAIN_SELF = YES;
				CLANG_WARN_OBJC_LITERAL_CONVERSION = YES;
				CLANG_WARN_OBJC_ROOT_CLASS = YES_ERROR;
				CLANG_WARN_RANGE_LOOP_ANALYSIS = YES;
				CLANG_WARN_STRICT_PROTOTYPES = YES;
				CLANG_WARN_SUSPICIOUS_MOVE = YES;
				CLANG_WARN_UNGUARDED_AVAILABILITY = YES_AGGRESSIVE;
				CLANG_WARN_UNREACHABLE_CODE = YES;
				CLANG_WARN__DUPLICATE_METHOD_MATCH = YES;
				CODE_SIGN_IDENTITY = "iPhone Developer";
				COPY_PHASE_STRIP = NO;
				DEBUG_INFORMATION_FORMAT = dwarf;
				ENABLE_STRICT_OBJC_MSGSEND = YES;
				ENABLE_TESTABILITY = YES;
				GCC_C_LANGUAGE_STANDARD = gnu11;
				GCC_DYNAMIC_NO_PIC = NO;
				GCC_NO_COMMON_BLOCKS = YES;
				GCC_OPTIMIZATION_LEVEL = 0;
				GCC_PREPROCESSOR_DEFINITIONS = (
					"DEBUG=1",
					"$(inherited)",
				);
				GCC_WARN_64_TO_32_BIT_CONVERSION = YES;
				GCC_WARN_ABOUT_RETURN_TYPE = YES_ERROR;
				GCC_WARN_UNDECLARED_SELECTOR = YES;
				GCC_WARN_UNINITIALIZED_AUTOS = YES_AGGRESSIVE;
				GCC_WARN_UNUSED_FUNCTION = YES;
				GCC_WARN_UNUSED_VARIABLE = YES;
				IPHONEOS_DEPLOYMENT_TARGET = 11.3;
				MTL_ENABLE_DEBUG_INFO = YES;
				ONLY_ACTIVE_ARCH = YES;
				SDKROOT = iphoneos;
			};
			name = Debug;
		};
		781F88F320DA2EE600E978EE /* Release */ = {
			isa = XCBuildConfiguration;
			buildSettings = {
				ALWAYS_SEARCH_USER_PATHS = NO;
				CLANG_ANALYZER_NONNULL = YES;
				CLANG_ANALYZER_NUMBER_OBJECT_CONVERSION = YES_AGGRESSIVE;
				CLANG_CXX_LANGUAGE_STANDARD = "gnu++14";
				CLANG_CXX_LIBRARY = "libc++";
				CLANG_ENABLE_MODULES = YES;
				CLANG_ENABLE_OBJC_ARC = YES;
				CLANG_ENABLE_OBJC_WEAK = YES;
				CLANG_WARN_BLOCK_CAPTURE_AUTORELEASING = YES;
				CLANG_WARN_BOOL_CONVERSION = YES;
				CLANG_WARN_COMMA = YES;
				CLANG_WARN_CONSTANT_CONVERSION = YES;
				CLANG_WARN_DEPRECATED_OBJC_IMPLEMENTATIONS = YES;
				CLANG_WARN_DIRECT_OBJC_ISA_USAGE = YES_ERROR;
				CLANG_WARN_DOCUMENTATION_COMMENTS = YES;
				CLANG_WARN_EMPTY_BODY = YES;
				CLANG_WARN_ENUM_CONVERSION = YES;
				CLANG_WARN_INFINITE_RECURSION = YES;
				CLANG_WARN_INT_CONVERSION = YES;
				CLANG_WARN_NON_LITERAL_NULL_CONVERSION = YES;
				CLANG_WARN_OBJC_IMPLICIT_RETAIN_SELF = YES;
				CLANG_WARN_OBJC_LITERAL_CONVERSION = YES;
				CLANG_WARN_OBJC_ROOT_CLASS = YES_ERROR;
				CLANG_WARN_RANGE_LOOP_ANALYSIS = YES;
				CLANG_WARN_STRICT_PROTOTYPES = YES;
				CLANG_WARN_SUSPICIOUS_MOVE = YES;
				CLANG_WARN_UNGUARDED_AVAILABILITY = YES_AGGRESSIVE;
				CLANG_WARN_UNREACHABLE_CODE = YES;
				CLANG_WARN__DUPLICATE_METHOD_MATCH = YES;
				CODE_SIGN_IDENTITY = "iPhone Developer";
				COPY_PHASE_STRIP = NO;
				DEBUG_INFORMATION_FORMAT = "dwarf-with-dsym";
				ENABLE_NS_ASSERTIONS = NO;
				ENABLE_STRICT_OBJC_MSGSEND = YES;
				GCC_C_LANGUAGE_STANDARD = gnu11;
				GCC_NO_COMMON_BLOCKS = YES;
				GCC_WARN_64_TO_32_BIT_CONVERSION = YES;
				GCC_WARN_ABOUT_RETURN_TYPE = YES_ERROR;
				GCC_WARN_UNDECLARED_SELECTOR = YES;
				GCC_WARN_UNINITIALIZED_AUTOS = YES_AGGRESSIVE;
				GCC_WARN_UNUSED_FUNCTION = YES;
				GCC_WARN_UNUSED_VARIABLE = YES;
				IPHONEOS_DEPLOYMENT_TARGET = 11.3;
				MTL_ENABLE_DEBUG_INFO = NO;
				SDKROOT = iphoneos;
				VALIDATE_PRODUCT = YES;
			};
			name = Release;
		};
		781F88F520DA2EE600E978EE /* Debug */ = {
			isa = XCBuildConfiguration;
			baseConfigurationReference = 692F40F527024E231895EE87 /* Pods-timer_D.debug.xcconfig */;
			buildSettings = {
				ASSETCATALOG_COMPILER_APPICON_NAME = AppIcon;
				CODE_SIGN_STYLE = Automatic;
				DEVELOPMENT_TEAM = 7T5NXR7M3P;
				INFOPLIST_FILE = timer_D/Info.plist;
				LD_RUNPATH_SEARCH_PATHS = (
					"$(inherited)",
					"@executable_path/Frameworks",
				);
				PRODUCT_BUNDLE_IDENTIFIER = "com.youlu.timer-D";
				PRODUCT_NAME = "$(TARGET_NAME)";
				TARGETED_DEVICE_FAMILY = "1,2";
			};
			name = Debug;
		};
		781F88F620DA2EE600E978EE /* Release */ = {
			isa = XCBuildConfiguration;
			baseConfigurationReference = D5B846C2551AFFCE78250D6C /* Pods-timer_D.release.xcconfig */;
			buildSettings = {
				ASSETCATALOG_COMPILER_APPICON_NAME = AppIcon;
				CODE_SIGN_STYLE = Automatic;
				DEVELOPMENT_TEAM = 7T5NXR7M3P;
				INFOPLIST_FILE = timer_D/Info.plist;
				LD_RUNPATH_SEARCH_PATHS = (
					"$(inherited)",
					"@executable_path/Frameworks",
				);
				PRODUCT_BUNDLE_IDENTIFIER = "com.youlu.timer-D";
				PRODUCT_NAME = "$(TARGET_NAME)";
				TARGETED_DEVICE_FAMILY = "1,2";
			};
			name = Release;
		};
/* End XCBuildConfiguration section */

/* Begin XCConfigurationList section */
		781F88D920DA2EE500E978EE /* Build configuration list for PBXProject "timer_D" */ = {
			isa = XCConfigurationList;
			buildConfigurations = (
				781F88F220DA2EE600E978EE /* Debug */,
				781F88F320DA2EE600E978EE /* Release */,
			);
			defaultConfigurationIsVisible = 0;
			defaultConfigurationName = Release;
		};
		781F88F420DA2EE600E978EE /* Build configuration list for PBXNativeTarget "timer_D" */ = {
			isa = XCConfigurationList;
			buildConfigurations = (
				781F88F520DA2EE600E978EE /* Debug */,
				781F88F620DA2EE600E978EE /* Release */,
			);
			defaultConfigurationIsVisible = 0;
			defaultConfigurationName = Release;
		};
/* End XCConfigurationList section */
	};
	rootObject = 781F88D620DA2EE500E978EE /* Project object */;
}
